
Microsoft Visual Studio Solution File, Format Version 12.00
# Visual Studio Version 17
VisualStudioVersion = 17.5.33502.453
MinimumVisualStudioVersion = 10.0.40219.1
Project("{FAE04EC0-301F-11D3-BF4B-00C04F79EFBC}") = "VektorBerechnungen", "VektorBerechnungen\VektorBerechnungen.csproj", "{6FEF82B0-E2A1-4FBA-A557-890A2951262F}"
EndProject
Global
	GlobalSection(SolutionConfigurationPlatforms) = preSolution
		Debug|Any CPU = Debug|Any CPU
		Release|Any CPU = Release|Any CPU
	EndGlobalSection
	GlobalSection(ProjectConfigurationPlatforms) = postSolution
		{6FEF82B0-E2A1-4FBA-A557-890A2951262F}.Debug|Any CPU.ActiveCfg = Debug|Any CPU
		{6FEF82B0-E2A1-4FBA-A557-890A2951262F}.Debug|Any CPU.Build.0 = Debug|Any CPU
		{6FEF82B0-E2A1-4FBA-A557-890A2951262F}.Release|Any CPU.ActiveCfg = Release|Any CPU
		{6FEF82B0-E2A1-4FBA-A557-890A2951262F}.Release|Any CPU.Build.0 = Release|Any CPU
	EndGlobalSection
	GlobalSection(SolutionProperties) = preSolution
		HideSolutionNode = FALSE
	EndGlobalSection
	GlobalSection(ExtensibilityGlobals) = postSolution
		SolutionGuid = {36DB8D2F-AB0B-46B7-9DDF-D1A231A1CB97}
	EndGlobalSection
EndGlobal
